// !$*UTF8*$!
{
	archiveVersion = 1;
	classes = {
	};
	objectVersion = 55;
	objects = {

/* Begin PBXBuildFile section */
		8466C6BC27F41DF1005A1FED /* AppDelegate.swift in Sources */ = {isa = PBXBuildFile; fileRef = 8466C6BB27F41DF1005A1FED /* AppDelegate.swift */; };
		8466C6BE27F41DF1005A1FED /* SceneDelegate.swift in Sources */ = {isa = PBXBuildFile; fileRef = 8466C6BD27F41DF1005A1FED /* SceneDelegate.swift */; };
		8466C6C027F41DF1005A1FED /* ViewController.swift in Sources */ = {isa = PBXBuildFile; fileRef = 8466C6BF27F41DF1005A1FED /* ViewController.swift */; };
		8466C6C327F41DF1005A1FED /* Main.storyboard in Resources */ = {isa = PBXBuildFile; fileRef = 8466C6C127F41DF1005A1FED /* Main.storyboard */; };
		8466C6C527F41DF6005A1FED /* Assets.xcassets in Resources */ = {isa = PBXBuildFile; fileRef = 8466C6C427F41DF6005A1FED /* Assets.xcassets */; };
		8466C6C827F41DF6005A1FED /* LaunchScreen.storyboard in Resources */ = {isa = PBXBuildFile; fileRef = 8466C6C627F41DF6005A1FED /* LaunchScreen.storyboard */; };
		8466C6D327F41DF6005A1FED /* CalculatorTests.swift in Sources */ = {isa = PBXBuildFile; fileRef = 8466C6D227F41DF6005A1FED /* CalculatorTests.swift */; };
		8466C6DD27F41DF6005A1FED /* CalculatorUITests.swift in Sources */ = {isa = PBXBuildFile; fileRef = 8466C6DC27F41DF6005A1FED /* CalculatorUITests.swift */; };
		8466C6DF27F41DF6005A1FED /* CalculatorUITestsLaunchTests.swift in Sources */ = {isa = PBXBuildFile; fileRef = 8466C6DE27F41DF6005A1FED /* CalculatorUITestsLaunchTests.swift */; };
/* End PBXBuildFile section */

/* Begin PBXContainerItemProxy section */
		8466C6CF27F41DF6005A1FED /* PBXContainerItemProxy */ = {
			isa = PBXContainerItemProxy;
			containerPortal = 8466C6B027F41DF1005A1FED /* Project object */;
			proxyType = 1;
			remoteGlobalIDString = 8466C6B727F41DF1005A1FED;
			remoteInfo = Calculator;
		};
		8466C6D927F41DF6005A1FED /* PBXContainerItemProxy */ = {
			isa = PBXContainerItemProxy;
			containerPortal = 8466C6B027F41DF1005A1FED /* Project object */;
			proxyType = 1;
			remoteGlobalIDString = 8466C6B727F41DF1005A1FED;
			remoteInfo = Calculator;
		};
/* End PBXContainerItemProxy section */

/* Begin PBXFileReference section */
		8466C6B827F41DF1005A1FED /* Calculator.app */ = {isa = PBXFileReference; explicitFileType = wrapper.application; includeInIndex = 0; path = Calculator.app; sourceTree = BUILT_PRODUCTS_DIR; };
		8466C6BB27F41DF1005A1FED /* AppDelegate.swift */ = {isa = PBXFileReference; lastKnownFileType = sourcecode.swift; path = AppDelegate.swift; sourceTree = "<group>"; };
		8466C6BD27F41DF1005A1FED /* SceneDelegate.swift */ = {isa = PBXFileReference; lastKnownFileType = sourcecode.swift; path = SceneDelegate.swift; sourceTree = "<group>"; };
		8466C6BF27F41DF1005A1FED /* ViewController.swift */ = {isa = PBXFileReference; lastKnownFileType = sourcecode.swift; path = ViewController.swift; sourceTree = "<group>"; };
		8466C6C227F41DF1005A1FED /* Base */ = {isa = PBXFileReference; lastKnownFileType = file.storyboard; name = Base; path = Base.lproj/Main.storyboard; sourceTree = "<group>"; };
		8466C6C427F41DF6005A1FED /* Assets.xcassets */ = {isa = PBXFileReference; lastKnownFileType = folder.assetcatalog; path = Assets.xcassets; sourceTree = "<group>"; };
		8466C6C727F41DF6005A1FED /* Base */ = {isa = PBXFileReference; lastKnownFileType = file.storyboard; name = Base; path = Base.lproj/LaunchScreen.storyboard; sourceTree = "<group>"; };
		8466C6C927F41DF6005A1FED /* Info.plist */ = {isa = PBXFileReference; lastKnownFileType = text.plist.xml; path = Info.plist; sourceTree = "<group>"; };
		8466C6CE27F41DF6005A1FED /* CalculatorTests.xctest */ = {isa = PBXFileReference; explicitFileType = wrapper.cfbundle; includeInIndex = 0; path = CalculatorTests.xctest; sourceTree = BUILT_PRODUCTS_DIR; };
		8466C6D227F41DF6005A1FED /* CalculatorTests.swift */ = {isa = PBXFileReference; lastKnownFileType = sourcecode.swift; path = CalculatorTests.swift; sourceTree = "<group>"; };
		8466C6D827F41DF6005A1FED /* CalculatorUITests.xctest */ = {isa = PBXFileReference; explicitFileType = wrapper.cfbundle; includeInIndex = 0; path = CalculatorUITests.xctest; sourceTree = BUILT_PRODUCTS_DIR; };
		8466C6DC27F41DF6005A1FED /* CalculatorUITests.swift */ = {isa = PBXFileReference; lastKnownFileType = sourcecode.swift; path = CalculatorUITests.swift; sourceTree = "<group>"; };
		8466C6DE27F41DF6005A1FED /* CalculatorUITestsLaunchTests.swift */ = {isa = PBXFileReference; lastKnownFileType = sourcecode.swift; path = CalculatorUITestsLaunchTests.swift; sourceTree = "<group>"; };
/* End PBXFileReference section */

/* Begin PBXFrameworksBuildPhase section */
		8466C6B527F41DF1005A1FED /* Frameworks */ = {
			isa = PBXFrameworksBuildPhase;
			buildActionMask = 2147483647;
			files = (
			);
			runOnlyForDeploymentPostprocessing = 0;
		};
		8466C6CB27F41DF6005A1FED /* Frameworks */ = {
			isa = PBXFrameworksBuildPhase;
			buildActionMask = 2147483647;
			files = (
			);
			runOnlyForDeploymentPostprocessing = 0;
		};
		8466C6D527F41DF6005A1FED /* Frameworks */ = {
			isa = PBXFrameworksBuildPhase;
			buildActionMask = 2147483647;
			files = (
			);
			runOnlyForDeploymentPostprocessing = 0;
		};
/* End PBXFrameworksBuildPhase section */

/* Begin PBXGroup section */
		8466C6AF27F41DF1005A1FED = {
			isa = PBXGroup;
			children = (
				8466C6BA27F41DF1005A1FED /* Calculator */,
				8466C6D127F41DF6005A1FED /* CalculatorTests */,
				8466C6DB27F41DF6005A1FED /* CalculatorUITests */,
				8466C6B927F41DF1005A1FED /* Products */,
			);
			sourceTree = "<group>";
		};
		8466C6B927F41DF1005A1FED /* Products */ = {
			isa = PBXGroup;
			children = (
				8466C6B827F41DF1005A1FED /* Calculator.app */,
				8466C6CE27F41DF6005A1FED /* CalculatorTests.xctest */,
				8466C6D827F41DF6005A1FED /* CalculatorUITests.xctest */,
			);
			name = Products;
			sourceTree = "<group>";
		};
		8466C6BA27F41DF1005A1FED /* Calculator */ = {
			isa = PBXGroup;
			children = (
				8466C6BB27F41DF1005A1FED /* AppDelegate.swift */,
				8466C6BD27F41DF1005A1FED /* SceneDelegate.swift */,
				8466C6BF27F41DF1005A1FED /* ViewController.swift */,
				8466C6C127F41DF1005A1FED /* Main.storyboard */,
				8466C6C427F41DF6005A1FED /* Assets.xcassets */,
				8466C6C627F41DF6005A1FED /* LaunchScreen.storyboard */,
				8466C6C927F41DF6005A1FED /* Info.plist */,
			);
			path = Calculator;
			sourceTree = "<group>";
		};
		8466C6D127F41DF6005A1FED /* CalculatorTests */ = {
			isa = PBXGroup;
			children = (
				8466C6D227F41DF6005A1FED /* CalculatorTests.swift */,
			);
			path = CalculatorTests;
			sourceTree = "<group>";
		};
		8466C6DB27F41DF6005A1FED /* CalculatorUITests */ = {
			isa = PBXGroup;
			children = (
				8466C6DC27F41DF6005A1FED /* CalculatorUITests.swift */,
				8466C6DE27F41DF6005A1FED /* CalculatorUITestsLaunchTests.swift */,
			);
			path = CalculatorUITests;
			sourceTree = "<group>";
		};
/* End PBXGroup section */

/* Begin PBXNativeTarget section */
		8466C6B727F41DF1005A1FED /* Calculator */ = {
			isa = PBXNativeTarget;
			buildConfigurationList = 8466C6E227F41DF6005A1FED /* Build configuration list for PBXNativeTarget "Calculator" */;
			buildPhases = (
				8466C6B427F41DF1005A1FED /* Sources */,
				8466C6B527F41DF1005A1FED /* Frameworks */,
				8466C6B627F41DF1005A1FED /* Resources */,
			);
			buildRules = (
			);
			dependencies = (
			);
			name = Calculator;
			productName = Calculator;
			productReference = 8466C6B827F41DF1005A1FED /* Calculator.app */;
			productType = "com.apple.product-type.application";
		};
		8466C6CD27F41DF6005A1FED /* CalculatorTests */ = {
			isa = PBXNativeTarget;
			buildConfigurationList = 8466C6E527F41DF6005A1FED /* Build configuration list for PBXNativeTarget "CalculatorTests" */;
			buildPhases = (
				8466C6CA27F41DF6005A1FED /* Sources */,
				8466C6CB27F41DF6005A1FED /* Frameworks */,
				8466C6CC27F41DF6005A1FED /* Resources */,
			);
			buildRules = (
			);
			dependencies = (
				8466C6D027F41DF6005A1FED /* PBXTargetDependency */,
			);
			name = CalculatorTests;
			productName = CalculatorTests;
			productReference = 8466C6CE27F41DF6005A1FED /* CalculatorTests.xctest */;
			productType = "com.apple.product-type.bundle.unit-test";
		};
		8466C6D727F41DF6005A1FED /* CalculatorUITests */ = {
			isa = PBXNativeTarget;
			buildConfigurationList = 8466C6E827F41DF6005A1FED /* Build configuration list for PBXNativeTarget "CalculatorUITests" */;
			buildPhases = (
				8466C6D427F41DF6005A1FED /* Sources */,
				8466C6D527F41DF6005A1FED /* Frameworks */,
				8466C6D627F41DF6005A1FED /* Resources */,
			);
			buildRules = (
			);
			dependencies = (
				8466C6DA27F41DF6005A1FED /* PBXTargetDependency */,
			);
			name = CalculatorUITests;
			productName = CalculatorUITests;
			productReference = 8466C6D827F41DF6005A1FED /* CalculatorUITests.xctest */;
			productType = "com.apple.product-type.bundle.ui-testing";
		};
/* End PBXNativeTarget section */

/* Begin PBXProject section */
		8466C6B027F41DF1005A1FED /* Project object */ = {
			isa = PBXProject;
			attributes = {
				BuildIndependentTargetsInParallel = 1;
				LastSwiftUpdateCheck = 1330;
				LastUpgradeCheck = 1330;
				TargetAttributes = {
					8466C6B727F41DF1005A1FED = {
						CreatedOnToolsVersion = 13.3;
					};
					8466C6CD27F41DF6005A1FED = {
						CreatedOnToolsVersion = 13.3;
						TestTargetID = 8466C6B727F41DF1005A1FED;
					};
					8466C6D727F41DF6005A1FED = {
						CreatedOnToolsVersion = 13.3;
						TestTargetID = 8466C6B727F41DF1005A1FED;
					};
				};
			};
			buildConfigurationList = 8466C6B327F41DF1005A1FED /* Build configuration list for PBXProject "Calculator" */;
			compatibilityVersion = "Xcode 13.0";
			developmentRegion = en;
			hasScannedForEncodings = 0;
			knownRegions = (
				en,
				Base,
			);
			mainGroup = 8466C6AF27F41DF1005A1FED;
			productRefGroup = 8466C6B927F41DF1005A1FED /* Products */;
			projectDirPath = "";
			projectRoot = "";
			targets = (
				8466C6B727F41DF1005A1FED /* Calculator */,
				8466C6CD27F41DF6005A1FED /* CalculatorTests */,
				8466C6D727F41DF6005A1FED /* CalculatorUITests */,
			);
		};
/* End PBXProject section */

/* Begin PBXResourcesBuildPhase section */
		8466C6B627F41DF1005A1FED /* Resources */ = {
			isa = PBXResourcesBuildPhase;
			buildActionMask = 2147483647;
			files = (
				8466C6C827F41DF6005A1FED /* LaunchScreen.storyboard in Resources */,
				8466C6C527F41DF6005A1FED /* Assets.xcassets in Resources */,
				8466C6C327F41DF1005A1FED /* Main.storyboard in Resources */,
			);
			runOnlyForDeploymentPostprocessing = 0;
		};
		8466C6CC27F41DF6005A1FED /* Resources */ = {
			isa = PBXResourcesBuildPhase;
			buildActionMask = 2147483647;
			files = (
			);
			runOnlyForDeploymentPostprocessing = 0;
		};
		8466C6D627F41DF6005A1FED /* Resources */ = {
			isa = PBXResourcesBuildPhase;
			buildActionMask = 2147483647;
			files = (
			);
			runOnlyForDeploymentPostprocessing = 0;
		};
/* End PBXResourcesBuildPhase section */

/* Begin PBXSourcesBuildPhase section */
		8466C6B427F41DF1005A1FED /* Sources */ = {
			isa = PBXSourcesBuildPhase;
			buildActionMask = 2147483647;
			files = (
				8466C6C027F41DF1005A1FED /* ViewController.swift in Sources */,
				8466C6BC27F41DF1005A1FED /* AppDelegate.swift in Sources */,
				8466C6BE27F41DF1005A1FED /* SceneDelegate.swift in Sources */,
			);
			runOnlyForDeploymentPostprocessing = 0;
		};
		8466C6CA27F41DF6005A1FED /* Sources */ = {
			isa = PBXSourcesBuildPhase;
			buildActionMask = 2147483647;
			files = (
				8466C6D327F41DF6005A1FED /* CalculatorTests.swift in Sources */,
			);
			runOnlyForDeploymentPostprocessing = 0;
		};
		8466C6D427F41DF6005A1FED /* Sources */ = {
			isa = PBXSourcesBuildPhase;
			buildActionMask = 2147483647;
			files = (
				8466C6DF27F41DF6005A1FED /* CalculatorUITestsLaunchTests.swift in Sources */,
				8466C6DD27F41DF6005A1FED /* CalculatorUITests.swift in Sources */,
			);
			runOnlyForDeploymentPostprocessing = 0;
		};
/* End PBXSourcesBuildPhase section */

/* Begin PBXTargetDependency section */
		8466C6D027F41DF6005A1FED /* PBXTargetDependency */ = {
			isa = PBXTargetDependency;
			target = 8466C6B727F41DF1005A1FED /* Calculator */;
			targetProxy = 8466C6CF27F41DF6005A1FED /* PBXContainerItemProxy */;
		};
		8466C6DA27F41DF6005A1FED /* PBXTargetDependency */ = {
			isa = PBXTargetDependency;
			target = 8466C6B727F41DF1005A1FED /* Calculator */;
			targetProxy = 8466C6D927F41DF6005A1FED /* PBXContainerItemProxy */;
		};
/* End PBXTargetDependency section */

/* Begin PBXVariantGroup section */
		8466C6C127F41DF1005A1FED /* Main.storyboard */ = {
			isa = PBXVariantGroup;
			children = (
				8466C6C227F41DF1005A1FED /* Base */,
			);
			name = Main.storyboard;
			sourceTree = "<group>";
		};
		8466C6C627F41DF6005A1FED /* LaunchScreen.storyboard */ = {
			isa = PBXVariantGroup;
			children = (
				8466C6C727F41DF6005A1FED /* Base */,
			);
			name = LaunchScreen.storyboard;
			sourceTree = "<group>";
		};
/* End PBXVariantGroup section */

/* Begin XCBuildConfiguration section */
		8466C6E027F41DF6005A1FED /* Debug */ = {
			isa = XCBuildConfiguration;
			buildSettings = {
				ALWAYS_SEARCH_USER_PATHS = NO;
				CLANG_ANALYZER_NONNULL = YES;
				CLANG_ANALYZER_NUMBER_OBJECT_CONVERSION = YES_AGGRESSIVE;
				CLANG_CXX_LANGUAGE_STANDARD = "gnu++17";
				CLANG_ENABLE_MODULES = YES;
				CLANG_ENABLE_OBJC_ARC = YES;
				CLANG_ENABLE_OBJC_WEAK = YES;
				CLANG_WARN_BLOCK_CAPTURE_AUTORELEASING = YES;
				CLANG_WARN_BOOL_CONVERSION = YES;
				CLANG_WARN_COMMA = YES;
				CLANG_WARN_CONSTANT_CONVERSION = YES;
				CLANG_WARN_DEPRECATED_OBJC_IMPLEMENTATIONS = YES;
				CLANG_WARN_DIRECT_OBJC_ISA_USAGE = YES_ERROR;
				CLANG_WARN_DOCUMENTATION_COMMENTS = YES;
				CLANG_WARN_EMPTY_BODY = YES;
				CLANG_WARN_ENUM_CONVERSION = YES;
				CLANG_WARN_INFINITE_RECURSION = YES;
				CLANG_WARN_INT_CONVERSION = YES;
				CLANG_WARN_NON_LITERAL_NULL_CONVERSION = YES;
				CLANG_WARN_OBJC_IMPLICIT_RETAIN_SELF = YES;
				CLANG_WARN_OBJC_LITERAL_CONVERSION = YES;
				CLANG_WARN_OBJC_ROOT_CLASS = YES_ERROR;
				CLANG_WARN_QUOTED_INCLUDE_IN_FRAMEWORK_HEADER = YES;
				CLANG_WARN_RANGE_LOOP_ANALYSIS = YES;
				CLANG_WARN_STRICT_PROTOTYPES = YES;
				CLANG_WARN_SUSPICIOUS_MOVE = YES;
				CLANG_WARN_UNGUARDED_AVAILABILITY = YES_AGGRESSIVE;
				CLANG_WARN_UNREACHABLE_CODE = YES;
				CLANG_WARN__DUPLICATE_METHOD_MATCH = YES;
				COPY_PHASE_STRIP = NO;
				DEBUG_INFORMATION_FORMAT = dwarf;
				ENABLE_STRICT_OBJC_MSGSEND = YES;
				ENABLE_TESTABILITY = YES;
				GCC_C_LANGUAGE_STANDARD = gnu11;
				GCC_DYNAMIC_NO_PIC = NO;
				GCC_NO_COMMON_BLOCKS = YES;
				GCC_OPTIMIZATION_LEVEL = 0;
				GCC_PREPROCESSOR_DEFINITIONS = (
					"DEBUG=1",
					"$(inherited)",
				);
				GCC_WARN_64_TO_32_BIT_CONVERSION = YES;
				GCC_WARN_ABOUT_RETURN_TYPE = YES_ERROR;
				GCC_WARN_UNDECLARED_SELECTOR = YES;
				GCC_WARN_UNINITIALIZED_AUTOS = YES_AGGRESSIVE;
				GCC_WARN_UNUSED_FUNCTION = YES;
				GCC_WARN_UNUSED_VARIABLE = YES;
				IPHONEOS_DEPLOYMENT_TARGET = 15.4;
				MTL_ENABLE_DEBUG_INFO = INCLUDE_SOURCE;
				MTL_FAST_MATH = YES;
				ONLY_ACTIVE_ARCH = YES;
				SDKROOT = iphoneos;
				SWIFT_ACTIVE_COMPILATION_CONDITIONS = DEBUG;
				SWIFT_OPTIMIZATION_LEVEL = "-Onone";
			};
			name = Debug;
		};
		8466C6E127F41DF6005A1FED /* Release */ = {
			isa = XCBuildConfiguration;
			buildSettings = {
				ALWAYS_SEARCH_USER_PATHS = NO;
				CLANG_ANALYZER_NONNULL = YES;
				CLANG_ANALYZER_NUMBER_OBJECT_CONVERSION = YES_AGGRESSIVE;
				CLANG_CXX_LANGUAGE_STANDARD = "gnu++17";
				CLANG_ENABLE_MODULES = YES;
				CLANG_ENABLE_OBJC_ARC = YES;
				CLANG_ENABLE_OBJC_WEAK = YES;
				CLANG_WARN_BLOCK_CAPTURE_AUTORELEASING = YES;
				CLANG_WARN_BOOL_CONVERSION = YES;
				CLANG_WARN_COMMA = YES;
				CLANG_WARN_CONSTANT_CONVERSION = YES;
				CLANG_WARN_DEPRECATED_OBJC_IMPLEMENTATIONS = YES;
				CLANG_WARN_DIRECT_OBJC_ISA_USAGE = YES_ERROR;
				CLANG_WARN_DOCUMENTATION_COMMENTS = YES;
				CLANG_WARN_EMPTY_BODY = YES;
				CLANG_WARN_ENUM_CONVERSION = YES;
				CLANG_WARN_INFINITE_RECURSION = YES;
				CLANG_WARN_INT_CONVERSION = YES;
				CLANG_WARN_NON_LITERAL_NULL_CONVERSION = YES;
				CLANG_WARN_OBJC_IMPLICIT_RETAIN_SELF = YES;
				CLANG_WARN_OBJC_LITERAL_CONVERSION = YES;
				CLANG_WARN_OBJC_ROOT_CLASS = YES_ERROR;
				CLANG_WARN_QUOTED_INCLUDE_IN_FRAMEWORK_HEADER = YES;
				CLANG_WARN_RANGE_LOOP_ANALYSIS = YES;
				CLANG_WARN_STRICT_PROTOTYPES = YES;
				CLANG_WARN_SUSPICIOUS_MOVE = YES;
				CLANG_WARN_UNGUARDED_AVAILABILITY = YES_AGGRESSIVE;
				CLANG_WARN_UNREACHABLE_CODE = YES;
				CLANG_WARN__DUPLICATE_METHOD_MATCH = YES;
				COPY_PHASE_STRIP = NO;
				DEBUG_INFORMATION_FORMAT = "dwarf-with-dsym";
				ENABLE_NS_ASSERTIONS = NO;
				ENABLE_STRICT_OBJC_MSGSEND = YES;
				GCC_C_LANGUAGE_STANDARD = gnu11;
				GCC_NO_COMMON_BLOCKS = YES;
				GCC_WARN_64_TO_32_BIT_CONVERSION = YES;
				GCC_WARN_ABOUT_RETURN_TYPE = YES_ERROR;
				GCC_WARN_UNDECLARED_SELECTOR = YES;
				GCC_WARN_UNINITIALIZED_AUTOS = YES_AGGRESSIVE;
				GCC_WARN_UNUSED_FUNCTION = YES;
				GCC_WARN_UNUSED_VARIABLE = YES;
				IPHONEOS_DEPLOYMENT_TARGET = 15.4;
				MTL_ENABLE_DEBUG_INFO = NO;
				MTL_FAST_MATH = YES;
				SDKROOT = iphoneos;
				SWIFT_COMPILATION_MODE = wholemodule;
				SWIFT_OPTIMIZATION_LEVEL = "-O";
				VALIDATE_PRODUCT = YES;
			};
			name = Release;
		};
		8466C6E327F41DF6005A1FED /* Debug */ = {
			isa = XCBuildConfiguration;
			buildSettings = {
				ASSETCATALOG_COMPILER_APPICON_NAME = AppIcon;
				ASSETCATALOG_COMPILER_GLOBAL_ACCENT_COLOR_NAME = AccentColor;
				CODE_SIGN_STYLE = Automatic;
				CURRENT_PROJECT_VERSION = 1;
				GENERATE_INFOPLIST_FILE = YES;
				INFOPLIST_FILE = Calculator/Info.plist;
				INFOPLIST_KEY_UIApplicationSupportsIndirectInputEvents = YES;
				INFOPLIST_KEY_UILaunchStoryboardName = LaunchScreen;
				INFOPLIST_KEY_UIMainStoryboardFile = Main;
				INFOPLIST_KEY_UISupportedInterfaceOrientations_iPad = "UIInterfaceOrientationPortrait UIInterfaceOrientationPortraitUpsideDown UIInterfaceOrientationLandscapeLeft UIInterfaceOrientationLandscapeRight";
				INFOPLIST_KEY_UISupportedInterfaceOrientations_iPhone = "UIInterfaceOrientationPortrait UIInterfaceOrientationLandscapeLeft UIInterfaceOrientationLandscapeRight";
				LD_RUNPATH_SEARCH_PATHS = (
					"$(inherited)",
					"@executable_path/Frameworks",
				);
				MARKETING_VERSION = 1.0;
				PRODUCT_BUNDLE_IDENTIFIER = dyakonov.Calculator;
				PRODUCT_NAME = "$(TARGET_NAME)";
				SWIFT_EMIT_LOC_STRINGS = YES;
				SWIFT_VERSION = 5.0;
				TARGETED_DEVICE_FAMILY = "1,2";
			};
			name = Debug;
		};
		8466C6E427F41DF6005A1FED /* Release */ = {
			isa = XCBuildConfiguration;
			buildSettings = {
				ASSETCATALOG_COMPILER_APPICON_NAME = AppIcon;
				ASSETCATALOG_COMPILER_GLOBAL_ACCENT_COLOR_NAME = AccentColor;
				CODE_SIGN_STYLE = Automatic;
				CURRENT_PROJECT_VERSION = 1;
				GENERATE_INFOPLIST_FILE = YES;
				INFOPLIST_FILE = Calculator/Info.plist;
				INFOPLIST_KEY_UIApplicationSupportsIndirectInputEvents = YES;
				INFOPLIST_KEY_UILaunchStoryboardName = LaunchScreen;
				INFOPLIST_KEY_UIMainStoryboardFile = Main;
				INFOPLIST_KEY_UISupportedInterfaceOrientations_iPad = "UIInterfaceOrientationPortrait UIInterfaceOrientationPortraitUpsideDown UIInterfaceOrientationLandscapeLeft UIInterfaceOrientationLandscapeRight";
				INFOPLIST_KEY_UISupportedInterfaceOrientations_iPhone = "UIInterfaceOrientationPortrait UIInterfaceOrientationLandscapeLeft UIInterfaceOrientationLandscapeRight";
				LD_RUNPATH_SEARCH_PATHS = (
					"$(inherited)",
					"@executable_path/Frameworks",
				);
				MARKETING_VERSION = 1.0;
				PRODUCT_BUNDLE_IDENTIFIER = dyakonov.Calculator;
				PRODUCT_NAME = "$(TARGET_NAME)";
				SWIFT_EMIT_LOC_STRINGS = YES;
				SWIFT_VERSION = 5.0;
				TARGETED_DEVICE_FAMILY = "1,2";
			};
			name = Release;
		};
		8466C6E627F41DF6005A1FED /* Debug */ = {
			isa = XCBuildConfiguration;
			buildSettings = {
				ALWAYS_EMBED_SWIFT_STANDARD_LIBRARIES = YES;
				BUNDLE_LOADER = "$(TEST_HOST)";
				CODE_SIGN_STYLE = Automatic;
				CURRENT_PROJECT_VERSION = 1;
				GENERATE_INFOPLIST_FILE = YES;
				IPHONEOS_DEPLOYMENT_TARGET = 15.4;
				MARKETING_VERSION = 1.0;
				PRODUCT_BUNDLE_IDENTIFIER = dyakonov.CalculatorTests;
				PRODUCT_NAME = "$(TARGET_NAME)";
				SWIFT_EMIT_LOC_STRINGS = NO;
				SWIFT_VERSION = 5.0;
				TARGETED_DEVICE_FAMILY = "1,2";
				TEST_HOST = "$(BUILT_PRODUCTS_DIR)/Calculator.app/Calculator";
			};
			name = Debug;
		};
		8466C6E727F41DF6005A1FED /* Release */ = {
			isa = XCBuildConfiguration;
			buildSettings = {
				ALWAYS_EMBED_SWIFT_STANDARD_LIBRARIES = YES;
				BUNDLE_LOADER = "$(TEST_HOST)";
				CODE_SIGN_STYLE = Automatic;
				CURRENT_PROJECT_VERSION = 1;
				GENERATE_INFOPLIST_FILE = YES;
				IPHONEOS_DEPLOYMENT_TARGET = 15.4;
				MARKETING_VERSION = 1.0;
				PRODUCT_BUNDLE_IDENTIFIER = dyakonov.CalculatorTests;
				PRODUCT_NAME = "$(TARGET_NAME)";
				SWIFT_EMIT_LOC_STRINGS = NO;
				SWIFT_VERSION = 5.0;
				TARGETED_DEVICE_FAMILY = "1,2";
				TEST_HOST = "$(BUILT_PRODUCTS_DIR)/Calculator.app/Calculator";
			};
			name = Release;
		};
		8466C6E927F41DF6005A1FED /* Debug */ = {
			isa = XCBuildConfiguration;
			buildSettings = {
				ALWAYS_EMBED_SWIFT_STANDARD_LIBRARIES = YES;
				CODE_SIGN_STYLE = Automatic;
				CURRENT_PROJECT_VERSION = 1;
				GENERATE_INFOPLIST_FILE = YES;
				MARKETING_VERSION = 1.0;
				PRODUCT_BUNDLE_IDENTIFIER = dyakonov.CalculatorUITests;
				PRODUCT_NAME = "$(TARGET_NAME)";
				SWIFT_EMIT_LOC_STRINGS = NO;
				SWIFT_VERSION = 5.0;
				TARGETED_DEVICE_FAMILY = "1,2";
				TEST_TARGET_NAME = Calculator;
			};
			name = Debug;
		};
		8466C6EA27F41DF6005A1FED /* Release */ = {
			isa = XCBuildConfiguration;
			buildSettings = {
				ALWAYS_EMBED_SWIFT_STANDARD_LIBRARIES = YES;
				CODE_SIGN_STYLE = Automatic;
				CURRENT_PROJECT_VERSION = 1;
				GENERATE_INFOPLIST_FILE = YES;
				MARKETING_VERSION = 1.0;
				PRODUCT_BUNDLE_IDENTIFIER = dyakonov.CalculatorUITests;
				PRODUCT_NAME = "$(TARGET_NAME)";
				SWIFT_EMIT_LOC_STRINGS = NO;
				SWIFT_VERSION = 5.0;
				TARGETED_DEVICE_FAMILY = "1,2";
				TEST_TARGET_NAME = Calculator;
			};
			name = Release;
		};
/* End XCBuildConfiguration section */

/* Begin XCConfigurationList section */
		8466C6B327F41DF1005A1FED /* Build configuration list for PBXProject "Calculator" */ = {
			isa = XCConfigurationList;
			buildConfigurations = (
				8466C6E027F41DF6005A1FED /* Debug */,
				8466C6E127F41DF6005A1FED /* Release */,
			);
			defaultConfigurationIsVisible = 0;
			defaultConfigurationName = Release;
		};
		8466C6E227F41DF6005A1FED /* Build configuration list for PBXNativeTarget "Calculator" */ = {
			isa = XCConfigurationList;
			buildConfigurations = (
				8466C6E327F41DF6005A1FED /* Debug */,
				8466C6E427F41DF6005A1FED /* Release */,
			);
			defaultConfigurationIsVisible = 0;
			defaultConfigurationName = Release;
		};
		8466C6E527F41DF6005A1FED /* Build configuration list for PBXNativeTarget "CalculatorTests" */ = {
			isa = XCConfigurationList;
			buildConfigurations = (
				8466C6E627F41DF6005A1FED /* Debug */,
				8466C6E727F41DF6005A1FED /* Release */,
			);
			defaultConfigurationIsVisible = 0;
			defaultConfigurationName = Release;
		};
		8466C6E827F41DF6005A1FED /* Build configuration list for PBXNativeTarget "CalculatorUITests" */ = {
			isa = XCConfigurationList;
			buildConfigurations = (
				8466C6E927F41DF6005A1FED /* Debug */,
				8466C6EA27F41DF6005A1FED /* Release */,
			);
			defaultConfigurationIsVisible = 0;
			defaultConfigurationName = Release;
		};
/* End XCConfigurationList section */
	};
	rootObject = 8466C6B027F41DF1005A1FED /* Project object */;
}
